
Microsoft Visual Studio Solution File, Format Version 12.00
Project("{FAE04EC0-301F-11D3-BF4B-00C04F79EFBC}") = "proiect", "proiect.csproj", "{82E90E72-078D-49CB-AC67-F0F50884380B}"
EndProject
Global
	GlobalSection(SolutionConfigurationPlatforms) = preSolution
		Debug|Any CPU = Debug|Any CPU
		Release|Any CPU = Release|Any CPU
	EndGlobalSection
	GlobalSection(ProjectConfigurationPlatforms) = postSolution
		{82E90E72-078D-49CB-AC67-F0F50884380B}.Debug|Any CPU.ActiveCfg = Debug|Any CPU
		{82E90E72-078D-49CB-AC67-F0F50884380B}.Debug|Any CPU.Build.0 = Debug|Any CPU
		{82E90E72-078D-49CB-AC67-F0F50884380B}.Release|Any CPU.ActiveCfg = Release|Any CPU
		{82E90E72-078D-49CB-AC67-F0F50884380B}.Release|Any CPU.Build.0 = Release|Any CPU
	EndGlobalSection
EndGlobal
